{
  "version": 1,
  "dependencies": {
    ".NETStandard,Version=v2.0": {
      "GitVersion.MsBuild": {
        "type": "Direct",
        "requested": "[6.6.0, )",
        "resolved": "6.6.0",
        "contentHash": "DleYRs4QwkTFmqODJKBgQ3wRbPytZ/Zb5ZdBczUslXkAizp+2vVS+NuivgjwzZNnLKyVFa3IYUAcGbcMAgs3Ww=="
      },
      "Microsoft.SemanticKernel": {
        "type": "Direct",
        "requested": "[1.71.0, )",
        "resolved": "1.71.0",
        "contentHash": "355HqTaMuk1LTYBvf5Ls+cxci3DM4TdJIf3cV1Lz1xfXPlUsgQJiPFQqcFAfw/8UcTsJS9mz2NJLyZI2DKkulA==",
        "dependencies": {
          "Microsoft.SemanticKernel.Connectors.AzureOpenAI": "1.71.0",
          "Microsoft.SemanticKernel.Core": "1.71.0"
        }
      },
      "Microsoft.SemanticKernel.Connectors.Google": {
        "type": "Direct",
        "requested": "[1.71.0-alpha, )",
        "resolved": "1.71.0-alpha",
        "contentHash": "FqAAB3dryKcMJtCIPy8kUTmJ5RDm/l5rztl1/Bluw/tG4U+pqxETpcuW2ELOQ7QRggiUlAfhA0xdX1hRIa0PHQ==",
        "dependencies": {
          "Microsoft.SemanticKernel.Abstractions": "1.71.0",
          "Microsoft.SemanticKernel.Core": "1.71.0"
        }
      },
      "Microsoft.SemanticKernel.Connectors.OpenAI": {
        "type": "Direct",
        "requested": "[1.71.0, )",
        "resolved": "1.71.0",
        "contentHash": "o9ABfu/C+sbS63wXCL7rEcsAiyeZOXe1x2Mh3dduM1r5hw7vyuAw7XKgD0Z9b8oqPXIfKES3gEsmsMHoPxPtLQ==",
        "dependencies": {
          "Microsoft.Extensions.AI.OpenAI": "10.0.1-preview.1.25571.5",
          "Microsoft.SemanticKernel.Core": "1.71.0",
          "OpenAI": "2.7.0"
        }
      },
      "Microsoft.SemanticKernel.Core": {
        "type": "Direct",
        "requested": "[1.71.0, )",
        "resolved": "1.71.0",
        "contentHash": "z3yTf23PhJhEASnT57JQMt7AM+DpnSST4i+2Q59uk2CVZAFotiLJtI2MHyo3P+MegNy++Zf5gmBi31Ymq6pI/Q==",
        "dependencies": {
          "Microsoft.Extensions.DependencyInjection": "10.0.2",
          "Microsoft.SemanticKernel.Abstractions": "1.71.0",
          "System.Numerics.Tensors": "10.0.2"
        }
      },
      "PolySharp": {
        "type": "Direct",
        "requested": "[1.15.0, )",
        "resolved": "1.15.0",
        "contentHash": "FbU0El+EEjdpuIX4iDbeS7ki1uzpJPx8vbqOzEtqnl1GZeAGJfq+jCbxeJL2y0EPnUNk8dRnnqR2xnYXg9Tf+g=="
      },
      "System.Threading.Tasks.Extensions": {
        "type": "Direct",
        "requested": "[4.6.3, )",
        "resolved": "4.6.3",
        "contentHash": "7sCiwilJLYbTZELaKnc7RecBBXWXA+xMLQWZKWawBxYjp6DBlSE3v9/UcvKBvr1vv2tTOhipiogM8rRmxlhrVA==",
        "dependencies": {
          "System.Runtime.CompilerServices.Unsafe": "6.1.2"
        }
      },
      "Azure.AI.OpenAI": {
        "type": "Transitive",
        "resolved": "2.7.0-beta.2",
        "contentHash": "HeiOYWoxubHyCPL33hgbGSh1KaDRCofJiyFtaEO86A8RLTZSfoPZx2DosiDZMLCqraOfTSWYaWS0FLxbVHFWzQ==",
        "dependencies": {
          "Azure.Core": "1.50.0",
          "OpenAI": "2.7.0",
          "System.Text.Json": "8.0.6"
        }
      },
      "Azure.Core": {
        "type": "Transitive",
        "resolved": "1.50.0",
        "contentHash": "GBNKZEhdIbTXxedvD3R7I/yDVFX9jJJEz02kCziFSJxspSQ5RMHc3GktulJ1s7+ffXaXD7kMgrtdQTaggyInLw==",
        "dependencies": {
          "Microsoft.Bcl.AsyncInterfaces": "8.0.0",
          "System.ClientModel": "1.8.0",
          "System.Diagnostics.DiagnosticSource": "8.0.1",
          "System.Memory.Data": "8.0.1",
          "System.Numerics.Vectors": "4.5.0",
          "System.Text.Encodings.Web": "8.0.0",
          "System.Text.Json": "8.0.6",
          "System.Threading.Tasks.Extensions": "4.6.0"
        }
      },
      "Microsoft.Bcl.AsyncInterfaces": {
        "type": "Transitive",
        "resolved": "10.0.2",
        "contentHash": "qE5JhRoeJbAipLqpUCZyNfNwnpAvUttXgIQDnTiJ15d8ji+/bPgoPkB3xLzK5cQTobN2D2ditUesUlDHb7p3Pg==",
        "dependencies": {
          "System.Threading.Tasks.Extensions": "4.6.3"
        }
      },
      "Microsoft.Bcl.HashCode": {
        "type": "Transitive",
        "resolved": "1.1.1",
        "contentHash": "MalY0Y/uM/LjXtHfX/26l2VtN4LDNZ2OE3aumNOHDLsT4fNYy2hiHXI4CXCqKpNUNm7iJ2brrc4J89UdaL56FA=="
      },
      "Microsoft.Bcl.Memory": {
        "type": "Transitive",
        "resolved": "10.0.2",
        "contentHash": "KLJb/zKv+zvkeSJloY0WbGbqj6qY2Gxd2s4YhzzEhO65OLup5N0SmT97lnfxuiJnqroSkT6opzVfXYGZ3P3zdw==",
        "dependencies": {
          "System.Memory": "4.6.3",
          "System.Runtime.CompilerServices.Unsafe": "6.1.2"
        }
      },
      "Microsoft.Bcl.Numerics": {
        "type": "Transitive",
        "resolved": "10.0.2",
        "contentHash": "vFtK8LqmutIfUlXFMJvI24lHZDXuybFWdtGL/m1f5qi5cxlS719evYXy393XcQ8xxJc6xnM88lVNPhlmct7Hfw=="
      },
      "Microsoft.Extensions.AI": {
        "type": "Transitive",
        "resolved": "10.2.0",
        "contentHash": "hKLdKfwzwQ30Z5hA1DwHFvJJtRuyPmf41Es6t8DXW4PE/6caWK4qSDRY3i+QYmYbIVXnPlVR5xXQjYNz07giNg==",
        "dependencies": {
          "Microsoft.Extensions.AI.Abstractions": "10.2.0",
          "Microsoft.Extensions.Caching.Abstractions": "10.0.2",
          "Microsoft.Extensions.DependencyInjection.Abstractions": "10.0.2",
          "Microsoft.Extensions.Logging.Abstractions": "10.0.2",
          "System.Diagnostics.DiagnosticSource": "10.0.2",
          "System.Numerics.Tensors": "10.0.2",
          "System.Text.Json": "10.0.2",
          "System.Threading.Channels": "10.0.2"
        }
      },
      "Microsoft.Extensions.AI.Abstractions": {
        "type": "Transitive",
        "resolved": "10.2.0",
        "contentHash": "ONGlIBht0ygEdKc0bCt9XWUiq19/460dAu7fCKzPM34OFJSMQIohEDTJwjCJ8vVp8znNakloc9xFF9+R/eDCYQ==",
        "dependencies": {
          "System.Text.Json": "10.0.2"
        }
      },
      "Microsoft.Extensions.AI.OpenAI": {
        "type": "Transitive",
        "resolved": "10.0.1-preview.1.25571.5",
        "contentHash": "IxSdb75Di7Ryper1O86vSpxKs+pvC72Q+wuzSGd/WH/6hc8tQ+h8wnovDP0HBeh7o1KSshEbZ584njcOTHTTsw==",
        "dependencies": {
          "Microsoft.Extensions.AI.Abstractions": "10.0.1",
          "OpenAI": "2.7.0",
          "System.Memory.Data": "10.0.0",
          "System.Text.Json": "10.0.0"
        }
      },
      "Microsoft.Extensions.Caching.Abstractions": {
        "type": "Transitive",
        "resolved": "10.0.2",
        "contentHash": "WIRPDa/qoKHmJhTAPCO/zLu9kRLQ2Fd6HD5tzgdXJ3xGEVXDHP6FvakKJjynwKrVDld8H4G4tcbW53wuC/wxMQ==",
        "dependencies": {
          "Microsoft.Extensions.Primitives": "10.0.2",
          "System.Threading.Tasks.Extensions": "4.6.3"
        }
      },
      "Microsoft.Extensions.DependencyInjection": {
        "type": "Transitive",
        "resolved": "10.0.2",
        "contentHash": "J/Zmp6fY93JbaiZ11ckWvcyxMPjD6XVwIHQXBjryTBgn7O6O20HYg9uVLFcZlNfgH78MnreE/7EH+hjfzn7VyA==",
        "dependencies": {
          "Microsoft.Bcl.AsyncInterfaces": "10.0.2",
          "Microsoft.Extensions.DependencyInjection.Abstractions": "10.0.2",
          "System.Threading.Tasks.Extensions": "4.6.3"
        }
      },
      "Microsoft.Extensions.DependencyInjection.Abstractions": {
        "type": "Transitive",
        "resolved": "10.0.2",
        "contentHash": "zOIurr59+kUf9vNcsUkCvKWZv+fPosUZXURZesYkJCvl0EzTc9F7maAO4Cd2WEV7ZJJ0AZrFQvuH6Npph9wdBw==",
        "dependencies": {
          "Microsoft.Bcl.AsyncInterfaces": "10.0.2",
          "System.Threading.Tasks.Extensions": "4.6.3"
        }
      },
      "Microsoft.Extensions.Logging.Abstractions": {
        "type": "Transitive",
        "resolved": "10.0.2",
        "contentHash": "RZkez/JjpnO+MZ6efKkSynN6ZztLpw3WbxNzjLCPBd97wWj1S9ZYPWi0nmT4kWBRa6atHsdM1ydGkUr8GudyDQ==",
        "dependencies": {
          "Microsoft.Extensions.DependencyInjection.Abstractions": "10.0.2",
          "System.Buffers": "4.6.1",
          "System.Diagnostics.DiagnosticSource": "10.0.2",
          "System.Memory": "4.6.3"
        }
      },
      "Microsoft.Extensions.Primitives": {
        "type": "Transitive",
        "resolved": "10.0.2",
        "contentHash": "QmSiO+oLBEooGgB3i0GRXyeYRDHjllqt3k365jwfZlYWhvSHA3UL2NEVV5m8aZa041eIlblo6KMI5txvTMpTwA==",
        "dependencies": {
          "System.Memory": "4.6.3",
          "System.Runtime.CompilerServices.Unsafe": "6.1.2"
        }
      },
      "Microsoft.Extensions.VectorData.Abstractions": {
        "type": "Transitive",
        "resolved": "9.7.0",
        "contentHash": "Vth/omSCX2vR0JabzSRU/hdPhr0CvUVZlaS2lJPWHrEwvak8ntrQLDtLMtMiWKSvviGBe/WmjUW8gA3qqn9tjw==",
        "dependencies": {
          "Microsoft.Bcl.AsyncInterfaces": "9.0.5",
          "Microsoft.Extensions.AI.Abstractions": "9.5.0",
          "System.Text.Json": "8.0.5"
        }
      },
      "Microsoft.SemanticKernel.Abstractions": {
        "type": "Transitive",
        "resolved": "1.71.0",
        "contentHash": "TcnfCMqFkUO/erduz6SD06sqMLc5brA520kbKuZ/eUTnDY8r88/Zom4yC1j3YAVLRFVyegPIePKCdyjsIUgLOg==",
        "dependencies": {
          "Microsoft.Bcl.HashCode": "1.1.1",
          "Microsoft.Extensions.AI": "10.2.0",
          "Microsoft.Extensions.VectorData.Abstractions": "9.7.0",
          "System.Linq.AsyncEnumerable": "10.0.2",
          "System.Text.Json": "10.0.2"
        }
      },
      "Microsoft.SemanticKernel.Connectors.AzureOpenAI": {
        "type": "Transitive",
        "resolved": "1.71.0",
        "contentHash": "C2C3y8iZkwVgGyKH+akKis1dKp3U5QaiaeEKeM63mo8Y9lEnWk6hOGmXRo8yaqMEasroY8T1+vPZQ/BJGITIgg==",
        "dependencies": {
          "Azure.AI.OpenAI": "2.7.0-beta.2",
          "Microsoft.SemanticKernel.Connectors.OpenAI": "1.71.0",
          "Microsoft.SemanticKernel.Core": "1.71.0"
        }
      },
      "OpenAI": {
        "type": "Transitive",
        "resolved": "2.7.0",
        "contentHash": "zodE/lrDzSUxgFzuHP+fiR56VBQZyy3H7le8VH9fiuB8SCgs7YSKpK/pwSpYZln3HVX6RyPDuALIOVPQMhnRFQ==",
        "dependencies": {
          "System.ClientModel": "1.8.1",
          "System.Diagnostics.DiagnosticSource": "8.0.1",
          "System.Net.ServerSentEvents": "9.0.9"
        }
      },
      "System.Buffers": {
        "type": "Transitive",
        "resolved": "4.6.1",
        "contentHash": "N8GXpmiLMtljq7gwvyS+1QvKT/W2J8sNAvx+HVg4NGmsG/H+2k/y9QI23auLJRterrzCiDH+IWAw4V/GPwsMlw=="
      },
      "System.ClientModel": {
        "type": "Transitive",
        "resolved": "1.8.1",
        "contentHash": "4oUQgw/vaO4FBOk3YsH40hbrjxRED1l95rRLvTMtHXfQxapXya9IfPpm/KgwValFFtYTfYGFOs/qzGmGyexicQ==",
        "dependencies": {
          "Microsoft.Extensions.Logging.Abstractions": "8.0.3",
          "System.Diagnostics.DiagnosticSource": "8.0.1",
          "System.Memory.Data": "8.0.1",
          "System.Text.Json": "8.0.6"
        }
      },
      "System.Diagnostics.DiagnosticSource": {
        "type": "Transitive",
        "resolved": "10.0.2",
        "contentHash": "lYWBy8fKkJHaRcOuw30d67PrtVjR5754sz5Wl76s8P+vJ9FSThh9b7LIcTSODx1LY7NB3Srvg+JMnzd67qNZOw==",
        "dependencies": {
          "System.Memory": "4.6.3",
          "System.Runtime.CompilerServices.Unsafe": "6.1.2"
        }
      },
      "System.IO.Pipelines": {
        "type": "Transitive",
        "resolved": "10.0.2",
        "contentHash": "EqMsn9r18ABvTDxrDce4OWDhBE3y+rR23ilG7Y3BudDKrDKrLG/hkD/JmeFZbctAPxSkCjyJ/Ddwbn/g7ufRJA==",
        "dependencies": {
          "System.Buffers": "4.6.1",
          "System.Memory": "4.6.3",
          "System.Threading.Tasks.Extensions": "4.6.3"
        }
      },
      "System.Linq.AsyncEnumerable": {
        "type": "Transitive",
        "resolved": "10.0.2",
        "contentHash": "W0iDxrcnNJAbm0WSSZ8Z6PtN27+ETwfj3HUtERP/sfLMjPFGAS79lZ0uPS/6OxsIy0MEjprPH2nERRhNMuddDw==",
        "dependencies": {
          "Microsoft.Bcl.AsyncInterfaces": "10.0.2",
          "Microsoft.Bcl.Memory": "10.0.2",
          "System.Threading.Tasks.Extensions": "4.6.3"
        }
      },
      "System.Memory": {
        "type": "Transitive",
        "resolved": "4.6.3",
        "contentHash": "qdcDOgnFZY40+Q9876JUHnlHu7bosOHX8XISRoH94fwk6hgaeQGSgfZd8srWRZNt5bV9ZW2TljcegDNxsf+96A==",
        "dependencies": {
          "System.Buffers": "4.6.1",
          "System.Numerics.Vectors": "4.6.1",
          "System.Runtime.CompilerServices.Unsafe": "6.1.2"
        }
      },
      "System.Memory.Data": {
        "type": "Transitive",
        "resolved": "10.0.0",
        "contentHash": "r+m+05b+TndDQIN6/yMkotk7wNsUPpYgLKOac8QR9DdU9gcPTJIU1RoyXY8otCqPxH55XF4hewEt6lJu0lSz3Q==",
        "dependencies": {
          "System.Memory": "4.6.3",
          "System.Text.Json": "10.0.0"
        }
      },
      "System.Net.ServerSentEvents": {
        "type": "Transitive",
        "resolved": "9.0.9",
        "contentHash": "zEISfefh8BYD5m+GMsYJnodiTaz2fDBEOrLgYH7VsQhMIzNkcuSsg9Df/d3zywYX5ohCyCJ5AOax50XLKnXyjw==",
        "dependencies": {
          "Microsoft.Bcl.AsyncInterfaces": "9.0.9",
          "System.Memory": "4.5.5",
          "System.Threading.Tasks.Extensions": "4.5.4"
        }
      },
      "System.Numerics.Tensors": {
        "type": "Transitive",
        "resolved": "10.0.2",
        "contentHash": "EzimXy5WX7RJxf1pHBfolBApA4GR7qje1cY9XofD4C+cQepx0a5ZVlZjde8NHk+W1+6kltrbbfa8LIOVpTM6yQ==",
        "dependencies": {
          "Microsoft.Bcl.Numerics": "10.0.2",
          "System.Memory": "4.6.3",
          "System.Numerics.Vectors": "4.6.1"
        }
      },
      "System.Numerics.Vectors": {
        "type": "Transitive",
        "resolved": "4.6.1",
        "contentHash": "sQxefTnhagrhoq2ReR0D/6K0zJcr9Hrd6kikeXsA1I8kOCboTavcUC4r7TSfpKFeE163uMuxZcyfO1mGO3EN8Q=="
      },
      "System.Runtime.CompilerServices.Unsafe": {
        "type": "Transitive",
        "resolved": "6.1.2",
        "contentHash": "2hBr6zdbIBTDE3EhK7NSVNdX58uTK6iHW/P/Axmm9sl1xoGSLqDvMtpecn226TNwHByFokYwJmt/aQQNlO5CRw=="
      },
      "System.Text.Encodings.Web": {
        "type": "Transitive",
        "resolved": "10.0.2",
        "contentHash": "Ro4cLT4qpRy64crfLAy3ekihtXckeXrD5eI6qb6NDSEVyHcHsmH7KgN4dbnIuiBmXIoaCslx4SynLYxag1SLSQ==",
        "dependencies": {
          "System.Buffers": "4.6.1",
          "System.Memory": "4.6.3",
          "System.Runtime.CompilerServices.Unsafe": "6.1.2"
        }
      },
      "System.Text.Json": {
        "type": "Transitive",
        "resolved": "10.0.2",
        "contentHash": "zy8ey7I16G9neZ6uzxrnYwS7pidElzN8XarsBjGu7lE2m7afTKMEe18KbY3ZSmh/z/bR40oxjd6hlUcmOEaMHw==",
        "dependencies": {
          "Microsoft.Bcl.AsyncInterfaces": "10.0.2",
          "System.Buffers": "4.6.1",
          "System.IO.Pipelines": "10.0.2",
          "System.Memory": "4.6.3",
          "System.Runtime.CompilerServices.Unsafe": "6.1.2",
          "System.Text.Encodings.Web": "10.0.2",
          "System.Threading.Tasks.Extensions": "4.6.3"
        }
      },
      "System.Threading.Channels": {
        "type": "Transitive",
        "resolved": "10.0.2",
        "contentHash": "knsF221yxwV4R17WUjMD/AlE3+po8q0D94GYwHN/grrSs3t7WSzQyJi0vIQ9e52jeHRU9XFf5AI6BnRS+G3RAA==",
        "dependencies": {
          "Microsoft.Bcl.AsyncInterfaces": "10.0.2",
          "System.Threading.Tasks.Extensions": "4.6.3"
        }
      }
    }
  }
}