
Microsoft Visual Studio Solution File, Format Version 12.00
Project("{FAE04EC0-301F-11D3-BF4B-00C04F79EFBC}") = "CustomWhateverLoader", "CustomWhateverLoader\CustomWhateverLoader.csproj", "{F7E5016B-7C7B-421A-B093-B41A585BA2ED}"
EndProject
Project("{FAE04EC0-301F-11D3-BF4B-00C04F79EFBC}") = "AnimatedCustomSprites", "AnimatedCustomSprites\AnimatedCustomSprites.csproj", "{A504BEE4-AD1F-4657-1919-70E3DFE162FE}"
EndProject
Project("{2150E333-8FDC-42A3-9474-1A3956D46DE8}") = "CwlExamples", "CwlExamples", "{63019B08-33DB-4AF0-A6B5-C7EDA198C368}"
EndProject
Project("{FAE04EC0-301F-11D3-BF4B-00C04F79EFBC}") = "KonosubaExt", "CwlExamples\KonosubaExt\KonosubaExt.csproj", "{A504BEE4-AD1F-4766-81FA-70E3DFE162FE}"
EndProject
Project("{FAE04EC0-301F-11D3-BF4B-00C04F79EFBC}") = "LionDance", "CwlExamples\LionDance\LionDance.csproj", "{12345678-1234-4657-1919-BEEFBEEFBEEF}"
EndProject
Project("{FAE04EC0-301F-11D3-BF4B-00C04F79EFBC}") = "PantyThief", "CwlExamples\PantyThief\PantyThief.csproj", "{A50CBEE4-ADAF-465A-81FA-70EADFE162FE}"
EndProject
Project("{FAE04EC0-301F-11D3-BF4B-00C04F79EFBC}") = "SparklyWater", "CwlExamples\SparklyWater\SparklyWater.csproj", "{AAE4BEE4-AD1F-4657-81FA-70E3DFE162FE}"
EndProject
Project("{FAE04EC0-301F-11D3-BF4B-00C04F79EFBC}") = "CharacterCustomizerPlus", "CharacterCustomizerPlus\CharacterCustomizerPlus.csproj", "{FFFBEEEF-AD1F-4657-81FA-70E3DFE162FE}"
EndProject
Project("{FAE04EC0-301F-11D3-BF4B-00C04F79EFBC}") = "ElinPad", "ElinPad\ElinPad.csproj", "{A504BEE4-AD1F-BEEB-BEEA-70E3DFE162FE}"
EndProject
Project("{FAE04EC0-301F-11D3-BF4B-00C04F79EFBC}") = "KarmaOnCaught", "KarmaOnCaught\KarmaOnCaught.csproj", "{A504BEE4-AD1F-4657-81FA-70E3DFE162FE}"
EndProject
Project("{FAE04EC0-301F-11D3-BF4B-00C04F79EFBC}") = "Erpc", "ElinRichPresence\Erpc.csproj", "{A504BEE4-AD1F-4657-81FA-70E3DFE162DF}"
EndProject
Project("{FAE04EC0-301F-11D3-BF4B-00C04F79EFBC}") = "ModViewerPlus", "ModViewerPlus\ModViewerPlus.csproj", "{A50BEEEF-AD1F-4657-81FA-70E3DFE162FE}"
EndProject
Project("{FAE04EC0-301F-11D3-BF4B-00C04F79EFBC}") = "GC4Me", "GC4Me\GC4Me.csproj", "{A5BFBEE4-AD1F-4657-8BFA-70E3DFE1BFFE}"
EndProject
Project("{FAE04EC0-301F-11D3-BF4B-00C04F79EFBC}") = "Emmersive", "Emmersive\Emmersive.csproj", "{C5337796-18F1-4195-B65B-55D542E40F6A}"
EndProject
Project("{2150E333-8FDC-42A3-9474-1A3956D46DE8}") = "Stuff", "Stuff", "{CEB68CA0-AF57-4CDC-AD71-5F099432AAF6}"
EndProject
Project("{FAE04EC0-301F-11D3-BF4B-00C04F79EFBC}") = "Donakoko", "CwlExamples\Donakoko\Donakoko.csproj", "{3E8DCB92-009D-40EF-B033-6B3215104C00}"
EndProject
Project("{FAE04EC0-301F-11D3-BF4B-00C04F79EFBC}") = "EquipmentComparison", "EquipmentComparison\EquipmentComparison.csproj", "{BADB5919-2078-4D59-8559-7C83587F0AC4}"
EndProject
Project("{FAE04EC0-301F-11D3-BF4B-00C04F79EFBC}") = "VariableSpriteSupport", "VariableSpriteSupport\VariableSpriteSupport.csproj", "{06097054-C0EE-4801-906C-FC8A8763E521}"
EndProject
Project("{FAE04EC0-301F-11D3-BF4B-00C04F79EFBC}") = "Emmersive.Test", "Emmersive.Test\Emmersive.Test.csproj", "{9505AAB4-1060-4D27-9DE5-069C2F7AD252}"
EndProject
Global
	GlobalSection(SolutionConfigurationPlatforms) = preSolution
		Debug|Any CPU = Debug|Any CPU
		Release|Any CPU = Release|Any CPU
		DebugNightly|Any CPU = DebugNightly|Any CPU
		ReleaseNightly|Any CPU = ReleaseNightly|Any CPU
	EndGlobalSection
	GlobalSection(ProjectConfigurationPlatforms) = postSolution
		{F7E5016B-7C7B-421A-B093-B41A585BA2ED}.Debug|Any CPU.ActiveCfg = Debug|Any CPU
		{F7E5016B-7C7B-421A-B093-B41A585BA2ED}.Debug|Any CPU.Build.0 = Debug|Any CPU
		{F7E5016B-7C7B-421A-B093-B41A585BA2ED}.Release|Any CPU.ActiveCfg = Release|Any CPU
		{F7E5016B-7C7B-421A-B093-B41A585BA2ED}.Release|Any CPU.Build.0 = Release|Any CPU
		{F7E5016B-7C7B-421A-B093-B41A585BA2ED}.DebugNightly|Any CPU.ActiveCfg = DebugNightly|Any CPU
		{F7E5016B-7C7B-421A-B093-B41A585BA2ED}.DebugNightly|Any CPU.Build.0 = DebugNightly|Any CPU
		{F7E5016B-7C7B-421A-B093-B41A585BA2ED}.ReleaseNightly|Any CPU.ActiveCfg = ReleaseNightly|Any CPU
		{F7E5016B-7C7B-421A-B093-B41A585BA2ED}.ReleaseNightly|Any CPU.Build.0 = ReleaseNightly|Any CPU
		{A504BEE4-AD1F-4657-1919-70E3DFE162FE}.Debug|Any CPU.ActiveCfg = Debug|Any CPU
		{A504BEE4-AD1F-4657-1919-70E3DFE162FE}.Debug|Any CPU.Build.0 = Debug|Any CPU
		{A504BEE4-AD1F-4657-1919-70E3DFE162FE}.Release|Any CPU.ActiveCfg = Release|Any CPU
		{A504BEE4-AD1F-4657-1919-70E3DFE162FE}.Release|Any CPU.Build.0 = Release|Any CPU
		{A504BEE4-AD1F-4657-1919-70E3DFE162FE}.DebugNightly|Any CPU.ActiveCfg = DebugNightly|Any CPU
		{A504BEE4-AD1F-4657-1919-70E3DFE162FE}.DebugNightly|Any CPU.Build.0 = DebugNightly|Any CPU
		{A504BEE4-AD1F-4657-1919-70E3DFE162FE}.ReleaseNightly|Any CPU.ActiveCfg = ReleaseNightly|Any CPU
		{A504BEE4-AD1F-4657-1919-70E3DFE162FE}.ReleaseNightly|Any CPU.Build.0 = ReleaseNightly|Any CPU
		{A504BEE4-AD1F-4766-81FA-70E3DFE162FE}.Debug|Any CPU.ActiveCfg = Debug|Any CPU
		{A504BEE4-AD1F-4766-81FA-70E3DFE162FE}.Debug|Any CPU.Build.0 = Debug|Any CPU
		{A504BEE4-AD1F-4766-81FA-70E3DFE162FE}.Release|Any CPU.ActiveCfg = Release|Any CPU
		{A504BEE4-AD1F-4766-81FA-70E3DFE162FE}.Release|Any CPU.Build.0 = Release|Any CPU
		{A504BEE4-AD1F-4766-81FA-70E3DFE162FE}.DebugNightly|Any CPU.ActiveCfg = DebugNightly|Any CPU
		{A504BEE4-AD1F-4766-81FA-70E3DFE162FE}.DebugNightly|Any CPU.Build.0 = DebugNightly|Any CPU
		{A504BEE4-AD1F-4766-81FA-70E3DFE162FE}.ReleaseNightly|Any CPU.ActiveCfg = ReleaseNightly|Any CPU
		{A504BEE4-AD1F-4766-81FA-70E3DFE162FE}.ReleaseNightly|Any CPU.Build.0 = ReleaseNightly|Any CPU
		{12345678-1234-4657-1919-BEEFBEEFBEEF}.Debug|Any CPU.ActiveCfg = Debug|Any CPU
		{12345678-1234-4657-1919-BEEFBEEFBEEF}.Debug|Any CPU.Build.0 = Debug|Any CPU
		{12345678-1234-4657-1919-BEEFBEEFBEEF}.Release|Any CPU.ActiveCfg = Release|Any CPU
		{12345678-1234-4657-1919-BEEFBEEFBEEF}.Release|Any CPU.Build.0 = Release|Any CPU
		{12345678-1234-4657-1919-BEEFBEEFBEEF}.DebugNightly|Any CPU.ActiveCfg = DebugNightly|Any CPU
		{12345678-1234-4657-1919-BEEFBEEFBEEF}.DebugNightly|Any CPU.Build.0 = DebugNightly|Any CPU
		{12345678-1234-4657-1919-BEEFBEEFBEEF}.ReleaseNightly|Any CPU.ActiveCfg = ReleaseNightly|Any CPU
		{12345678-1234-4657-1919-BEEFBEEFBEEF}.ReleaseNightly|Any CPU.Build.0 = ReleaseNightly|Any CPU
		{A50CBEE4-ADAF-465A-81FA-70EADFE162FE}.Debug|Any CPU.ActiveCfg = Debug|Any CPU
		{A50CBEE4-ADAF-465A-81FA-70EADFE162FE}.Debug|Any CPU.Build.0 = Debug|Any CPU
		{A50CBEE4-ADAF-465A-81FA-70EADFE162FE}.Release|Any CPU.ActiveCfg = Release|Any CPU
		{A50CBEE4-ADAF-465A-81FA-70EADFE162FE}.Release|Any CPU.Build.0 = Release|Any CPU
		{A50CBEE4-ADAF-465A-81FA-70EADFE162FE}.DebugNightly|Any CPU.ActiveCfg = DebugNightly|Any CPU
		{A50CBEE4-ADAF-465A-81FA-70EADFE162FE}.DebugNightly|Any CPU.Build.0 = DebugNightly|Any CPU
		{A50CBEE4-ADAF-465A-81FA-70EADFE162FE}.ReleaseNightly|Any CPU.ActiveCfg = ReleaseNightly|Any CPU
		{A50CBEE4-ADAF-465A-81FA-70EADFE162FE}.ReleaseNightly|Any CPU.Build.0 = ReleaseNightly|Any CPU
		{AAE4BEE4-AD1F-4657-81FA-70E3DFE162FE}.Debug|Any CPU.ActiveCfg = Debug|Any CPU
		{AAE4BEE4-AD1F-4657-81FA-70E3DFE162FE}.Debug|Any CPU.Build.0 = Debug|Any CPU
		{AAE4BEE4-AD1F-4657-81FA-70E3DFE162FE}.Release|Any CPU.ActiveCfg = Release|Any CPU
		{AAE4BEE4-AD1F-4657-81FA-70E3DFE162FE}.Release|Any CPU.Build.0 = Release|Any CPU
		{AAE4BEE4-AD1F-4657-81FA-70E3DFE162FE}.DebugNightly|Any CPU.ActiveCfg = DebugNightly|Any CPU
		{AAE4BEE4-AD1F-4657-81FA-70E3DFE162FE}.DebugNightly|Any CPU.Build.0 = DebugNightly|Any CPU
		{AAE4BEE4-AD1F-4657-81FA-70E3DFE162FE}.ReleaseNightly|Any CPU.ActiveCfg = ReleaseNightly|Any CPU
		{AAE4BEE4-AD1F-4657-81FA-70E3DFE162FE}.ReleaseNightly|Any CPU.Build.0 = ReleaseNightly|Any CPU
		{FFFBEEEF-AD1F-4657-81FA-70E3DFE162FE}.Debug|Any CPU.ActiveCfg = Debug|Any CPU
		{FFFBEEEF-AD1F-4657-81FA-70E3DFE162FE}.Debug|Any CPU.Build.0 = Debug|Any CPU
		{FFFBEEEF-AD1F-4657-81FA-70E3DFE162FE}.Release|Any CPU.ActiveCfg = Release|Any CPU
		{FFFBEEEF-AD1F-4657-81FA-70E3DFE162FE}.Release|Any CPU.Build.0 = Release|Any CPU
		{FFFBEEEF-AD1F-4657-81FA-70E3DFE162FE}.DebugNightly|Any CPU.ActiveCfg = DebugNightly|Any CPU
		{FFFBEEEF-AD1F-4657-81FA-70E3DFE162FE}.DebugNightly|Any CPU.Build.0 = DebugNightly|Any CPU
		{FFFBEEEF-AD1F-4657-81FA-70E3DFE162FE}.ReleaseNightly|Any CPU.ActiveCfg = ReleaseNightly|Any CPU
		{FFFBEEEF-AD1F-4657-81FA-70E3DFE162FE}.ReleaseNightly|Any CPU.Build.0 = ReleaseNightly|Any CPU
		{A504BEE4-AD1F-BEEB-BEEA-70E3DFE162FE}.Debug|Any CPU.ActiveCfg = Debug|Any CPU
		{A504BEE4-AD1F-BEEB-BEEA-70E3DFE162FE}.Debug|Any CPU.Build.0 = Debug|Any CPU
		{A504BEE4-AD1F-BEEB-BEEA-70E3DFE162FE}.Release|Any CPU.ActiveCfg = Release|Any CPU
		{A504BEE4-AD1F-BEEB-BEEA-70E3DFE162FE}.Release|Any CPU.Build.0 = Release|Any CPU
		{A504BEE4-AD1F-BEEB-BEEA-70E3DFE162FE}.DebugNightly|Any CPU.ActiveCfg = DebugNightly|Any CPU
		{A504BEE4-AD1F-BEEB-BEEA-70E3DFE162FE}.DebugNightly|Any CPU.Build.0 = DebugNightly|Any CPU
		{A504BEE4-AD1F-BEEB-BEEA-70E3DFE162FE}.ReleaseNightly|Any CPU.ActiveCfg = ReleaseNightly|Any CPU
		{A504BEE4-AD1F-BEEB-BEEA-70E3DFE162FE}.ReleaseNightly|Any CPU.Build.0 = ReleaseNightly|Any CPU
		{A504BEE4-AD1F-4657-81FA-70E3DFE162DF}.Debug|Any CPU.ActiveCfg = Debug|Any CPU
		{A504BEE4-AD1F-4657-81FA-70E3DFE162DF}.Debug|Any CPU.Build.0 = Debug|Any CPU
		{A504BEE4-AD1F-4657-81FA-70E3DFE162DF}.Release|Any CPU.ActiveCfg = Release|Any CPU
		{A504BEE4-AD1F-4657-81FA-70E3DFE162DF}.Release|Any CPU.Build.0 = Release|Any CPU
		{A504BEE4-AD1F-4657-81FA-70E3DFE162DF}.DebugNightly|Any CPU.ActiveCfg = DebugNightly|Any CPU
		{A504BEE4-AD1F-4657-81FA-70E3DFE162DF}.DebugNightly|Any CPU.Build.0 = DebugNightly|Any CPU
		{A504BEE4-AD1F-4657-81FA-70E3DFE162DF}.ReleaseNightly|Any CPU.ActiveCfg = ReleaseNightly|Any CPU
		{A504BEE4-AD1F-4657-81FA-70E3DFE162DF}.ReleaseNightly|Any CPU.Build.0 = ReleaseNightly|Any CPU
		{A50BEEEF-AD1F-4657-81FA-70E3DFE162FE}.Debug|Any CPU.ActiveCfg = Debug|Any CPU
		{A50BEEEF-AD1F-4657-81FA-70E3DFE162FE}.Debug|Any CPU.Build.0 = Debug|Any CPU
		{A50BEEEF-AD1F-4657-81FA-70E3DFE162FE}.Release|Any CPU.ActiveCfg = Release|Any CPU
		{A50BEEEF-AD1F-4657-81FA-70E3DFE162FE}.Release|Any CPU.Build.0 = Release|Any CPU
		{A50BEEEF-AD1F-4657-81FA-70E3DFE162FE}.DebugNightly|Any CPU.ActiveCfg = DebugNightly|Any CPU
		{A50BEEEF-AD1F-4657-81FA-70E3DFE162FE}.DebugNightly|Any CPU.Build.0 = DebugNightly|Any CPU
		{A50BEEEF-AD1F-4657-81FA-70E3DFE162FE}.ReleaseNightly|Any CPU.ActiveCfg = ReleaseNightly|Any CPU
		{A50BEEEF-AD1F-4657-81FA-70E3DFE162FE}.ReleaseNightly|Any CPU.Build.0 = ReleaseNightly|Any CPU
		{A5BFBEE4-AD1F-4657-8BFA-70E3DFE1BFFE}.Debug|Any CPU.ActiveCfg = Debug|Any CPU
		{A5BFBEE4-AD1F-4657-8BFA-70E3DFE1BFFE}.Debug|Any CPU.Build.0 = Debug|Any CPU
		{A5BFBEE4-AD1F-4657-8BFA-70E3DFE1BFFE}.Release|Any CPU.ActiveCfg = Release|Any CPU
		{A5BFBEE4-AD1F-4657-8BFA-70E3DFE1BFFE}.Release|Any CPU.Build.0 = Release|Any CPU
		{A5BFBEE4-AD1F-4657-8BFA-70E3DFE1BFFE}.DebugNightly|Any CPU.ActiveCfg = DebugNightly|Any CPU
		{A5BFBEE4-AD1F-4657-8BFA-70E3DFE1BFFE}.DebugNightly|Any CPU.Build.0 = DebugNightly|Any CPU
		{A5BFBEE4-AD1F-4657-8BFA-70E3DFE1BFFE}.ReleaseNightly|Any CPU.ActiveCfg = ReleaseNightly|Any CPU
		{A5BFBEE4-AD1F-4657-8BFA-70E3DFE1BFFE}.ReleaseNightly|Any CPU.Build.0 = ReleaseNightly|Any CPU
		{C5337796-18F1-4195-B65B-55D542E40F6A}.Debug|Any CPU.ActiveCfg = Debug|Any CPU
		{C5337796-18F1-4195-B65B-55D542E40F6A}.Debug|Any CPU.Build.0 = Debug|Any CPU
		{C5337796-18F1-4195-B65B-55D542E40F6A}.Release|Any CPU.ActiveCfg = Release|Any CPU
		{C5337796-18F1-4195-B65B-55D542E40F6A}.Release|Any CPU.Build.0 = Release|Any CPU
		{C5337796-18F1-4195-B65B-55D542E40F6A}.DebugNightly|Any CPU.ActiveCfg = DebugNightly|Any CPU
		{C5337796-18F1-4195-B65B-55D542E40F6A}.DebugNightly|Any CPU.Build.0 = DebugNightly|Any CPU
		{C5337796-18F1-4195-B65B-55D542E40F6A}.ReleaseNightly|Any CPU.ActiveCfg = ReleaseNightly|Any CPU
		{C5337796-18F1-4195-B65B-55D542E40F6A}.ReleaseNightly|Any CPU.Build.0 = ReleaseNightly|Any CPU
		{3E8DCB92-009D-40EF-B033-6B3215104C00}.Debug|Any CPU.ActiveCfg = Debug|Any CPU
		{3E8DCB92-009D-40EF-B033-6B3215104C00}.Debug|Any CPU.Build.0 = Debug|Any CPU
		{3E8DCB92-009D-40EF-B033-6B3215104C00}.Release|Any CPU.ActiveCfg = Release|Any CPU
		{3E8DCB92-009D-40EF-B033-6B3215104C00}.Release|Any CPU.Build.0 = Release|Any CPU
		{3E8DCB92-009D-40EF-B033-6B3215104C00}.DebugNightly|Any CPU.ActiveCfg = DebugNightly|Any CPU
		{3E8DCB92-009D-40EF-B033-6B3215104C00}.DebugNightly|Any CPU.Build.0 = DebugNightly|Any CPU
		{3E8DCB92-009D-40EF-B033-6B3215104C00}.ReleaseNightly|Any CPU.ActiveCfg = ReleaseNightly|Any CPU
		{3E8DCB92-009D-40EF-B033-6B3215104C00}.ReleaseNightly|Any CPU.Build.0 = ReleaseNightly|Any CPU
		{BADB5919-2078-4D59-8559-7C83587F0AC4}.Debug|Any CPU.ActiveCfg = Debug|Any CPU
		{BADB5919-2078-4D59-8559-7C83587F0AC4}.Debug|Any CPU.Build.0 = Debug|Any CPU
		{BADB5919-2078-4D59-8559-7C83587F0AC4}.Release|Any CPU.ActiveCfg = Release|Any CPU
		{BADB5919-2078-4D59-8559-7C83587F0AC4}.Release|Any CPU.Build.0 = Release|Any CPU
		{BADB5919-2078-4D59-8559-7C83587F0AC4}.DebugNightly|Any CPU.ActiveCfg = DebugNightly|Any CPU
		{BADB5919-2078-4D59-8559-7C83587F0AC4}.DebugNightly|Any CPU.Build.0 = DebugNightly|Any CPU
		{BADB5919-2078-4D59-8559-7C83587F0AC4}.ReleaseNightly|Any CPU.ActiveCfg = ReleaseNightly|Any CPU
		{BADB5919-2078-4D59-8559-7C83587F0AC4}.ReleaseNightly|Any CPU.Build.0 = ReleaseNightly|Any CPU
		{06097054-C0EE-4801-906C-FC8A8763E521}.Debug|Any CPU.ActiveCfg = Debug|Any CPU
		{06097054-C0EE-4801-906C-FC8A8763E521}.Debug|Any CPU.Build.0 = Debug|Any CPU
		{06097054-C0EE-4801-906C-FC8A8763E521}.Release|Any CPU.ActiveCfg = Release|Any CPU
		{06097054-C0EE-4801-906C-FC8A8763E521}.Release|Any CPU.Build.0 = Release|Any CPU
		{06097054-C0EE-4801-906C-FC8A8763E521}.DebugNightly|Any CPU.ActiveCfg = DebugNightly|Any CPU
		{06097054-C0EE-4801-906C-FC8A8763E521}.DebugNightly|Any CPU.Build.0 = DebugNightly|Any CPU
		{06097054-C0EE-4801-906C-FC8A8763E521}.ReleaseNightly|Any CPU.ActiveCfg = ReleaseNightly|Any CPU
		{06097054-C0EE-4801-906C-FC8A8763E521}.ReleaseNightly|Any CPU.Build.0 = ReleaseNightly|Any CPU
		{9505AAB4-1060-4D27-9DE5-069C2F7AD252}.Debug|Any CPU.ActiveCfg = Debug|Any CPU
		{9505AAB4-1060-4D27-9DE5-069C2F7AD252}.Debug|Any CPU.Build.0 = Debug|Any CPU
		{9505AAB4-1060-4D27-9DE5-069C2F7AD252}.Release|Any CPU.ActiveCfg = Release|Any CPU
		{9505AAB4-1060-4D27-9DE5-069C2F7AD252}.Release|Any CPU.Build.0 = Release|Any CPU
		{9505AAB4-1060-4D27-9DE5-069C2F7AD252}.DebugNightly|Any CPU.ActiveCfg = DebugNightly|Any CPU
		{9505AAB4-1060-4D27-9DE5-069C2F7AD252}.DebugNightly|Any CPU.Build.0 = DebugNightly|Any CPU
		{9505AAB4-1060-4D27-9DE5-069C2F7AD252}.ReleaseNightly|Any CPU.ActiveCfg = ReleaseNightly|Any CPU
		{9505AAB4-1060-4D27-9DE5-069C2F7AD252}.ReleaseNightly|Any CPU.Build.0 = ReleaseNightly|Any CPU
	EndGlobalSection
	GlobalSection(NestedProjects) = preSolution
		{A504BEE4-AD1F-4766-81FA-70E3DFE162FE} = {63019B08-33DB-4AF0-A6B5-C7EDA198C368}
		{12345678-1234-4657-1919-BEEFBEEFBEEF} = {63019B08-33DB-4AF0-A6B5-C7EDA198C368}
		{A50CBEE4-ADAF-465A-81FA-70EADFE162FE} = {63019B08-33DB-4AF0-A6B5-C7EDA198C368}
		{AAE4BEE4-AD1F-4657-81FA-70E3DFE162FE} = {63019B08-33DB-4AF0-A6B5-C7EDA198C368}
		{A504BEE4-AD1F-4657-81FA-70E3DFE162DF} = {CEB68CA0-AF57-4CDC-AD71-5F099432AAF6}
		{A5BFBEE4-AD1F-4657-8BFA-70E3DFE1BFFE} = {CEB68CA0-AF57-4CDC-AD71-5F099432AAF6}
		{A504BEE4-AD1F-4657-81FA-70E3DFE162FE} = {CEB68CA0-AF57-4CDC-AD71-5F099432AAF6}
		{A50BEEEF-AD1F-4657-81FA-70E3DFE162FE} = {CEB68CA0-AF57-4CDC-AD71-5F099432AAF6}
		{A504BEE4-AD1F-4657-1919-70E3DFE162FE} = {CEB68CA0-AF57-4CDC-AD71-5F099432AAF6}
		{FFFBEEEF-AD1F-4657-81FA-70E3DFE162FE} = {CEB68CA0-AF57-4CDC-AD71-5F099432AAF6}
		{A504BEE4-AD1F-BEEB-BEEA-70E3DFE162FE} = {CEB68CA0-AF57-4CDC-AD71-5F099432AAF6}
		{3E8DCB92-009D-40EF-B033-6B3215104C00} = {63019B08-33DB-4AF0-A6B5-C7EDA198C368}
		{BADB5919-2078-4D59-8559-7C83587F0AC4} = {CEB68CA0-AF57-4CDC-AD71-5F099432AAF6}
		{06097054-C0EE-4801-906C-FC8A8763E521} = {CEB68CA0-AF57-4CDC-AD71-5F099432AAF6}
	EndGlobalSection
EndGlobal
