
Microsoft Visual Studio Solution File, Format Version 12.00
Project("{FAE04EC0-301F-11D3-BF4B-00C04F79EFBC}") = "KarmaOnCaught", "KarmaOnCaught\KarmaOnCaught.csproj", "{A504BEE4-AD1F-4657-81FA-70E3DFE162FE}"
EndProject
Global
	GlobalSection(SolutionConfigurationPlatforms) = preSolution
		Debug|Any CPU = Debug|Any CPU
		Release|Any CPU = Release|Any CPU
	EndGlobalSection
	GlobalSection(ProjectConfigurationPlatforms) = postSolution
		{A504BEE4-AD1F-4657-81FA-70E3DFE162FE}.Debug|Any CPU.ActiveCfg = Debug|Any CPU
		{A504BEE4-AD1F-4657-81FA-70E3DFE162FE}.Debug|Any CPU.Build.0 = Debug|Any CPU
		{A504BEE4-AD1F-4657-81FA-70E3DFE162FE}.Release|Any CPU.ActiveCfg = Release|Any CPU
		{A504BEE4-AD1F-4657-81FA-70E3DFE162FE}.Release|Any CPU.Build.0 = Release|Any CPU
	EndGlobalSection
EndGlobal
