{
  "version": 1,
  "dependencies": {
    ".NETStandard,Version=v2.1": {
      "GitVersion.MsBuild": {
        "type": "Direct",
        "requested": "[6.5.1, )",
        "resolved": "6.5.1",
        "contentHash": "92zAmfGWVtjHM8eR7O+1WWxqP+gulXvVqu3Sb1+KzuImdmxBt/bln/dMRvsIyV69KEiSrtbUoet4HBjG+bOLyw=="
      },
      "MessagePack": {
        "type": "Direct",
        "requested": "[3.1.4, )",
        "resolved": "3.1.4",
        "contentHash": "BH0wlHWmVoZpbAPyyt2Awbq30C+ZsS3eHSkYdnyUAbqVJ22fAJDzn2xTieBeoT5QlcBzp61vHcv878YJGfi3mg==",
        "dependencies": {
          "MessagePack.Annotations": "3.1.4",
          "MessagePackAnalyzer": "3.1.4",
          "Microsoft.NET.StringTools": "17.11.4",
          "System.Collections.Immutable": "8.0.0"
        }
      },
      "PolySharp": {
        "type": "Direct",
        "requested": "[1.15.0, )",
        "resolved": "1.15.0",
        "contentHash": "FbU0El+EEjdpuIX4iDbeS7ki1uzpJPx8vbqOzEtqnl1GZeAGJfq+jCbxeJL2y0EPnUNk8dRnnqR2xnYXg9Tf+g=="
      },
      "Serilog": {
        "type": "Direct",
        "requested": "[4.3.1-dev-02395, )",
        "resolved": "4.3.1-dev-02395",
        "contentHash": "mPreTBBKb1zW53sLkk45eLPY5ROe9se2W3KNRCBI7v8nkSFbOR1mhLSSLW2OHL2xl0WGqrYel1dLHzTFXwC/iQ==",
        "dependencies": {
          "System.Diagnostics.DiagnosticSource": "8.0.1",
          "System.Threading.Channels": "8.0.0"
        }
      },
      "Serilog.Formatting.Compact": {
        "type": "Direct",
        "requested": "[3.0.0, )",
        "resolved": "3.0.0",
        "contentHash": "wQsv14w9cqlfB5FX2MZpNsTawckN4a8dryuNGbebB/3Nh1pXnROHZov3swtu3Nj5oNG7Ba+xdu7Et/ulAUPanQ==",
        "dependencies": {
          "Serilog": "4.0.0"
        }
      },
      "Serilog.Sinks.Console": {
        "type": "Direct",
        "requested": "[6.1.1, )",
        "resolved": "6.1.1",
        "contentHash": "8jbqgjUyZlfCuSTaJk6lOca465OndqOz3KZP6Cryt/IqZYybyBu7GP0fE/AXBzrrQB3EBmQntBFAvMVz1COvAA==",
        "dependencies": {
          "Serilog": "4.0.0"
        }
      },
      "Serilog.Sinks.File": {
        "type": "Direct",
        "requested": "[7.0.1-dev-02315, )",
        "resolved": "7.0.1-dev-02315",
        "contentHash": "LuwBs0Hrr7ptVY/u+h+GJ2Of0+Uv3JiISD3ipiuZYnsy+bqeHEC1LQPVTPW9MgjY3tg3B6HObVbL84qGBcbdBA==",
        "dependencies": {
          "Serilog": "4.2.0"
        }
      },
      "Serilog.Sinks.Http": {
        "type": "Direct",
        "requested": "[9.2.0, )",
        "resolved": "9.2.0",
        "contentHash": "tngXuEvfI1CrtB02XVXhHAGTX1HvSMKjWcOmlyBT9LVNIMYvNhOSkfigfwxd9OCbv3cXw1aWFrSPGGw8Y6sjtg==",
        "dependencies": {
          "Microsoft.Extensions.Configuration.Abstractions": "9.0.7",
          "Serilog.Sinks.File": "7.0.0"
        }
      },
      "System.Collections.Immutable": {
        "type": "Direct",
        "requested": "[10.0.1, )",
        "resolved": "10.0.1",
        "contentHash": "kdTe61B8P7i2M1pODC3MLbZ/CfFGjpC6c6jzxjQoB5DHZNewayCRqgFUmx3JKB6vLQtozpMQEiw+R5fO32Jv4g==",
        "dependencies": {
          "System.Memory": "4.6.3",
          "System.Runtime.CompilerServices.Unsafe": "6.1.2"
        }
      },
      "MessagePack.Annotations": {
        "type": "Transitive",
        "resolved": "3.1.4",
        "contentHash": "aVWrDAkCdqxwQsz/q0ldPh2EFn48M99YUzE9OvZjMq2RNLKz4o2z88iGFvSvbMqOWRweRvKPHBJZe22PRqzslQ=="
      },
      "MessagePackAnalyzer": {
        "type": "Transitive",
        "resolved": "3.1.4",
        "contentHash": "CTaSsN/liJ7MhLCAB7Z4ZLBNuVGCq9lt2BT/cbrc9vzGv89yK3CqIA+z9T19a11eQYl9etZHL6MQJgCqECRVpg=="
      },
      "Microsoft.Extensions.Configuration.Abstractions": {
        "type": "Transitive",
        "resolved": "9.0.7",
        "contentHash": "lut/kiVvNsQ120VERMUYSFhpXPpKjjql+giy03LesASPBBcC0o6+aoFdzJH9GaYpFTQ3fGVhVjKjvJDoAW5/IQ==",
        "dependencies": {
          "Microsoft.Extensions.Primitives": "9.0.7"
        }
      },
      "Microsoft.Extensions.Primitives": {
        "type": "Transitive",
        "resolved": "9.0.7",
        "contentHash": "ti/zD9BuuO50IqlvhWQs9GHxkCmoph5BHjGiWKdg2t6Or8XoyAfRJiKag+uvd/fpASnNklfsB01WpZ4fhAe0VQ==",
        "dependencies": {
          "System.Memory": "4.5.5",
          "System.Runtime.CompilerServices.Unsafe": "6.0.0"
        }
      },
      "Microsoft.NET.StringTools": {
        "type": "Transitive",
        "resolved": "17.11.4",
        "contentHash": "mudqUHhNpeqIdJoUx2YDWZO/I9uEDYVowan89R6wsomfnUJQk6HteoQTlNjZDixhT2B4IXMkMtgZtoceIjLRmA==",
        "dependencies": {
          "System.Memory": "4.5.5",
          "System.Runtime.CompilerServices.Unsafe": "6.0.0"
        }
      },
      "System.Diagnostics.DiagnosticSource": {
        "type": "Transitive",
        "resolved": "8.0.1",
        "contentHash": "vaoWjvkG1aenR2XdjaVivlCV9fADfgyhW5bZtXT23qaEea0lWiUljdQuze4E31vKM7ZWJaSUsbYIKE3rnzfZUg==",
        "dependencies": {
          "System.Memory": "4.5.5",
          "System.Runtime.CompilerServices.Unsafe": "6.0.0"
        }
      },
      "System.Memory": {
        "type": "Transitive",
        "resolved": "4.6.3",
        "contentHash": "qdcDOgnFZY40+Q9876JUHnlHu7bosOHX8XISRoH94fwk6hgaeQGSgfZd8srWRZNt5bV9ZW2TljcegDNxsf+96A=="
      },
      "System.Runtime.CompilerServices.Unsafe": {
        "type": "Transitive",
        "resolved": "6.1.2",
        "contentHash": "2hBr6zdbIBTDE3EhK7NSVNdX58uTK6iHW/P/Axmm9sl1xoGSLqDvMtpecn226TNwHByFokYwJmt/aQQNlO5CRw=="
      },
      "System.Threading.Channels": {
        "type": "Transitive",
        "resolved": "8.0.0",
        "contentHash": "CMaFr7v+57RW7uZfZkPExsPB6ljwzhjACWW1gfU35Y56rk72B/Wu+sTqxVmGSk4SFUlPc3cjeKND0zktziyjBA=="
      }
    }
  }
}