{
  "version": 1,
  "dependencies": {
    ".NETStandard,Version=v2.1": {
      "GitVersion.MsBuild": {
        "type": "Direct",
        "requested": "[6.6.0, )",
        "resolved": "6.6.0",
        "contentHash": "DleYRs4QwkTFmqODJKBgQ3wRbPytZ/Zb5ZdBczUslXkAizp+2vVS+NuivgjwzZNnLKyVFa3IYUAcGbcMAgs3Ww=="
      },
      "Microsoft.Extensions.DependencyInjection": {
        "type": "Direct",
        "requested": "[11.0.0-preview.2.26159.112, )",
        "resolved": "11.0.0-preview.2.26159.112",
        "contentHash": "7H4WuK6zpCTipF/yzkFGtovofSNeBjFMh8GcLWNG8FqHx0vOqHgvDmcg4Zyay3inu/TH272/0WFCsF54B/sFDw==",
        "dependencies": {
          "Microsoft.Extensions.DependencyInjection.Abstractions": "11.0.0-preview.2.26159.112"
        }
      },
      "PolySharp": {
        "type": "Direct",
        "requested": "[1.15.0, )",
        "resolved": "1.15.0",
        "contentHash": "FbU0El+EEjdpuIX4iDbeS7ki1uzpJPx8vbqOzEtqnl1GZeAGJfq+jCbxeJL2y0EPnUNk8dRnnqR2xnYXg9Tf+g=="
      },
      "Microsoft.Extensions.DependencyInjection.Abstractions": {
        "type": "Transitive",
        "resolved": "11.0.0-preview.2.26159.112",
        "contentHash": "OQXAVaAtsf/HNCFzeby//Q7ibYk8Lf+8dgvRna5mmulHyXU0qPMtERY10CuhBkPdkxS69Dsgk1VjD5e3OF/f3w=="
      }
    }
  }
}